
Microsoft Visual Studio Solution File, Format Version 12.00
# Visual Studio Version 17
VisualStudioVersion = 17.3.32825.248
MinimumVisualStudioVersion = 10.0.40219.1
Project("{9A19103F-16F7-4668-BE54-9A1E7A4F7556}") = "EmilimaV2Web", "EmilimaV2Web\EmilimaV2Web.csproj", "{94093863-6697-45B9-AC8E-488DFEE2669A}"
EndProject
Project("{FAE04EC0-301F-11D3-BF4B-00C04F79EFBC}") = "DocumentFiles", "DocumentFiles\DocumentFiles.csproj", "{5DCA20AB-A31C-4FCA-A527-2DB485A08144}"
EndProject
Global
	GlobalSection(SolutionConfigurationPlatforms) = preSolution
		Debug|Any CPU = Debug|Any CPU
		Release|Any CPU = Release|Any CPU
	EndGlobalSection
	GlobalSection(ProjectConfigurationPlatforms) = postSolution
		{94093863-6697-45B9-AC8E-488DFEE2669A}.Debug|Any CPU.ActiveCfg = Debug|Any CPU
		{94093863-6697-45B9-AC8E-488DFEE2669A}.Debug|Any CPU.Build.0 = Debug|Any CPU
		{94093863-6697-45B9-AC8E-488DFEE2669A}.Release|Any CPU.ActiveCfg = Release|Any CPU
		{94093863-6697-45B9-AC8E-488DFEE2669A}.Release|Any CPU.Build.0 = Release|Any CPU
		{5DCA20AB-A31C-4FCA-A527-2DB485A08144}.Debug|Any CPU.ActiveCfg = Debug|Any CPU
		{5DCA20AB-A31C-4FCA-A527-2DB485A08144}.Debug|Any CPU.Build.0 = Debug|Any CPU
		{5DCA20AB-A31C-4FCA-A527-2DB485A08144}.Release|Any CPU.ActiveCfg = Release|Any CPU
		{5DCA20AB-A31C-4FCA-A527-2DB485A08144}.Release|Any CPU.Build.0 = Release|Any CPU
	EndGlobalSection
	GlobalSection(SolutionProperties) = preSolution
		HideSolutionNode = FALSE
	EndGlobalSection
	GlobalSection(ExtensibilityGlobals) = postSolution
		SolutionGuid = {CAA33AEE-4641-483B-B171-4F08F5ECC7A6}
	EndGlobalSection
EndGlobal
